// !$*UTF8*$!
{
	archiveVersion = 1;
	classes = {
	};
	objectVersion = 46;
	objects = {

/* Begin PBXBuildFile section */
		DDE442101E61BB27008EA2A3 /* AppDelegate.swift in Sources */ = {isa = PBXBuildFile; fileRef = DDE4420F1E61BB27008EA2A3 /* AppDelegate.swift */; };
		DDE442121E61BB27008EA2A3 /* ViewController.swift in Sources */ = {isa = PBXBuildFile; fileRef = DDE442111E61BB27008EA2A3 /* ViewController.swift */; };
		DDE442151E61BB27008EA2A3 /* Main.storyboard in Resources */ = {isa = PBXBuildFile; fileRef = DDE442131E61BB27008EA2A3 /* Main.storyboard */; };
		DDE442171E61BB27008EA2A3 /* Assets.xcassets in Resources */ = {isa = PBXBuildFile; fileRef = DDE442161E61BB27008EA2A3 /* Assets.xcassets */; };
		DDE4421A1E61BB27008EA2A3 /* LaunchScreen.storyboard in Resources */ = {isa = PBXBuildFile; fileRef = DDE442181E61BB27008EA2A3 /* LaunchScreen.storyboard */; };
		DDE442231E61BBF6008EA2A3 /* Product.swift in Sources */ = {isa = PBXBuildFile; fileRef = DDE442221E61BBF6008EA2A3 /* Product.swift */; };
		DDE442261E61BC6B008EA2A3 /* DataService.swift in Sources */ = {isa = PBXBuildFile; fileRef = DDE442251E61BC6B008EA2A3 /* DataService.swift */; };
		DDE442291E61C3B2008EA2A3 /* ItemCell.swift in Sources */ = {isa = PBXBuildFile; fileRef = DDE442281E61C3B2008EA2A3 /* ItemCell.swift */; };
		DDE4422B1E61D8F0008EA2A3 /* CartCell.swift in Sources */ = {isa = PBXBuildFile; fileRef = DDE4422A1E61D8F0008EA2A3 /* CartCell.swift */; };
		DDE4422D1E61D930008EA2A3 /* CartController.swift in Sources */ = {isa = PBXBuildFile; fileRef = DDE4422C1E61D930008EA2A3 /* CartController.swift */; };
/* End PBXBuildFile section */

/* Begin PBXFileReference section */
		DDE4420C1E61BB27008EA2A3 /* RockerLabs.app */ = {isa = PBXFileReference; explicitFileType = wrapper.application; includeInIndex = 0; path = RockerLabs.app; sourceTree = BUILT_PRODUCTS_DIR; };
		DDE4420F1E61BB27008EA2A3 /* AppDelegate.swift */ = {isa = PBXFileReference; lastKnownFileType = sourcecode.swift; path = AppDelegate.swift; sourceTree = "<group>"; };
		DDE442111E61BB27008EA2A3 /* ViewController.swift */ = {isa = PBXFileReference; lastKnownFileType = sourcecode.swift; path = ViewController.swift; sourceTree = "<group>"; };
		DDE442141E61BB27008EA2A3 /* Base */ = {isa = PBXFileReference; lastKnownFileType = file.storyboard; name = Base; path = Base.lproj/Main.storyboard; sourceTree = "<group>"; };
		DDE442161E61BB27008EA2A3 /* Assets.xcassets */ = {isa = PBXFileReference; lastKnownFileType = folder.assetcatalog; path = Assets.xcassets; sourceTree = "<group>"; };
		DDE442191E61BB27008EA2A3 /* Base */ = {isa = PBXFileReference; lastKnownFileType = file.storyboard; name = Base; path = Base.lproj/LaunchScreen.storyboard; sourceTree = "<group>"; };
		DDE4421B1E61BB27008EA2A3 /* Info.plist */ = {isa = PBXFileReference; lastKnownFileType = text.plist.xml; path = Info.plist; sourceTree = "<group>"; };
		DDE442221E61BBF6008EA2A3 /* Product.swift */ = {isa = PBXFileReference; fileEncoding = 4; lastKnownFileType = sourcecode.swift; path = Product.swift; sourceTree = "<group>"; };
		DDE442251E61BC6B008EA2A3 /* DataService.swift */ = {isa = PBXFileReference; fileEncoding = 4; lastKnownFileType = sourcecode.swift; path = DataService.swift; sourceTree = "<group>"; };
		DDE442281E61C3B2008EA2A3 /* ItemCell.swift */ = {isa = PBXFileReference; fileEncoding = 4; lastKnownFileType = sourcecode.swift; path = ItemCell.swift; sourceTree = "<group>"; };
		DDE4422A1E61D8F0008EA2A3 /* CartCell.swift */ = {isa = PBXFileReference; fileEncoding = 4; lastKnownFileType = sourcecode.swift; path = CartCell.swift; sourceTree = "<group>"; };
		DDE4422C1E61D930008EA2A3 /* CartController.swift */ = {isa = PBXFileReference; fileEncoding = 4; lastKnownFileType = sourcecode.swift; path = CartController.swift; sourceTree = "<group>"; };
/* End PBXFileReference section */

/* Begin PBXFrameworksBuildPhase section */
		DDE442091E61BB27008EA2A3 /* Frameworks */ = {
			isa = PBXFrameworksBuildPhase;
			buildActionMask = 2147483647;
			files = (
			);
			runOnlyForDeploymentPostprocessing = 0;
		};
/* End PBXFrameworksBuildPhase section */

/* Begin PBXGroup section */
		DDE442031E61BB27008EA2A3 = {
			isa = PBXGroup;
			children = (
				DDE4420E1E61BB27008EA2A3 /* RockerLabs */,
				DDE4420D1E61BB27008EA2A3 /* Products */,
			);
			sourceTree = "<group>";
		};
		DDE4420D1E61BB27008EA2A3 /* Products */ = {
			isa = PBXGroup;
			children = (
				DDE4420C1E61BB27008EA2A3 /* RockerLabs.app */,
			);
			name = Products;
			sourceTree = "<group>";
		};
		DDE4420E1E61BB27008EA2A3 /* RockerLabs */ = {
			isa = PBXGroup;
			children = (
				DDE4420F1E61BB27008EA2A3 /* AppDelegate.swift */,
				DDE442131E61BB27008EA2A3 /* Main.storyboard */,
				DDE442161E61BB27008EA2A3 /* Assets.xcassets */,
				DDE442181E61BB27008EA2A3 /* LaunchScreen.storyboard */,
				DDE4422E1E61D9B2008EA2A3 /* Controllers */,
				DDE442271E61C3A0008EA2A3 /* Components */,
				DDE442241E61BC3B008EA2A3 /* Services */,
				DDE442211E61BBEC008EA2A3 /* Model */,
				DDE4421B1E61BB27008EA2A3 /* Info.plist */,
			);
			path = RockerLabs;
			sourceTree = "<group>";
		};
		DDE442211E61BBEC008EA2A3 /* Model */ = {
			isa = PBXGroup;
			children = (
				DDE442221E61BBF6008EA2A3 /* Product.swift */,
			);
			name = Model;
			sourceTree = "<group>";
		};
		DDE442241E61BC3B008EA2A3 /* Services */ = {
			isa = PBXGroup;
			children = (
				DDE442251E61BC6B008EA2A3 /* DataService.swift */,
			);
			name = Services;
			sourceTree = "<group>";
		};
		DDE442271E61C3A0008EA2A3 /* Components */ = {
			isa = PBXGroup;
			children = (
				DDE442281E61C3B2008EA2A3 /* ItemCell.swift */,
				DDE4422A1E61D8F0008EA2A3 /* CartCell.swift */,
			);
			name = Components;
			sourceTree = "<group>";
		};
		DDE4422E1E61D9B2008EA2A3 /* Controllers */ = {
			isa = PBXGroup;
			children = (
				DDE4422C1E61D930008EA2A3 /* CartController.swift */,
				DDE442111E61BB27008EA2A3 /* ViewController.swift */,
			);
			name = Controllers;
			sourceTree = "<group>";
		};
/* End PBXGroup section */

/* Begin PBXNativeTarget section */
		DDE4420B1E61BB27008EA2A3 /* RockerLabs */ = {
			isa = PBXNativeTarget;
			buildConfigurationList = DDE4421E1E61BB27008EA2A3 /* Build configuration list for PBXNativeTarget "RockerLabs" */;
			buildPhases = (
				DDE442081E61BB27008EA2A3 /* Sources */,
				DDE442091E61BB27008EA2A3 /* Frameworks */,
				DDE4420A1E61BB27008EA2A3 /* Resources */,
			);
			buildRules = (
			);
			dependencies = (
			);
			name = RockerLabs;
			productName = RockerLabs;
			productReference = DDE4420C1E61BB27008EA2A3 /* RockerLabs.app */;
			productType = "com.apple.product-type.application";
		};
/* End PBXNativeTarget section */

/* Begin PBXProject section */
		DDE442041E61BB27008EA2A3 /* Project object */ = {
			isa = PBXProject;
			attributes = {
				LastSwiftUpdateCheck = 0810;
				LastUpgradeCheck = 0810;
				ORGANIZATIONNAME = RockerLabs;
				TargetAttributes = {
					DDE4420B1E61BB27008EA2A3 = {
						CreatedOnToolsVersion = 8.1;
						ProvisioningStyle = Automatic;
					};
				};
			};
			buildConfigurationList = DDE442071E61BB27008EA2A3 /* Build configuration list for PBXProject "RockerLabs" */;
			compatibilityVersion = "Xcode 3.2";
			developmentRegion = English;
			hasScannedForEncodings = 0;
			knownRegions = (
				en,
				Base,
			);
			mainGroup = DDE442031E61BB27008EA2A3;
			productRefGroup = DDE4420D1E61BB27008EA2A3 /* Products */;
			projectDirPath = "";
			projectRoot = "";
			targets = (
				DDE4420B1E61BB27008EA2A3 /* RockerLabs */,
			);
		};
/* End PBXProject section */

/* Begin PBXResourcesBuildPhase section */
		DDE4420A1E61BB27008EA2A3 /* Resources */ = {
			isa = PBXResourcesBuildPhase;
			buildActionMask = 2147483647;
			files = (
				DDE4421A1E61BB27008EA2A3 /* LaunchScreen.storyboard in Resources */,
				DDE442171E61BB27008EA2A3 /* Assets.xcassets in Resources */,
				DDE442151E61BB27008EA2A3 /* Main.storyboard in Resources */,
			);
			runOnlyForDeploymentPostprocessing = 0;
		};
/* End PBXResourcesBuildPhase section */

/* Begin PBXSourcesBuildPhase section */
		DDE442081E61BB27008EA2A3 /* Sources */ = {
			isa = PBXSourcesBuildPhase;
			buildActionMask = 2147483647;
			files = (
				DDE442121E61BB27008EA2A3 /* ViewController.swift in Sources */,
				DDE4422B1E61D8F0008EA2A3 /* CartCell.swift in Sources */,
				DDE4422D1E61D930008EA2A3 /* CartController.swift in Sources */,
				DDE442101E61BB27008EA2A3 /* AppDelegate.swift in Sources */,
				DDE442231E61BBF6008EA2A3 /* Product.swift in Sources */,
				DDE442261E61BC6B008EA2A3 /* DataService.swift in Sources */,
				DDE442291E61C3B2008EA2A3 /* ItemCell.swift in Sources */,
			);
			runOnlyForDeploymentPostprocessing = 0;
		};
/* End PBXSourcesBuildPhase section */

/* Begin PBXVariantGroup section */
		DDE442131E61BB27008EA2A3 /* Main.storyboard */ = {
			isa = PBXVariantGroup;
			children = (
				DDE442141E61BB27008EA2A3 /* Base */,
			);
			name = Main.storyboard;
			sourceTree = "<group>";
		};
		DDE442181E61BB27008EA2A3 /* LaunchScreen.storyboard */ = {
			isa = PBXVariantGroup;
			children = (
				DDE442191E61BB27008EA2A3 /* Base */,
			);
			name = LaunchScreen.storyboard;
			sourceTree = "<group>";
		};
/* End PBXVariantGroup section */

/* Begin XCBuildConfiguration section */
		DDE4421C1E61BB27008EA2A3 /* Debug */ = {
			isa = XCBuildConfiguration;
			buildSettings = {
				ALWAYS_SEARCH_USER_PATHS = NO;
				CLANG_ANALYZER_NONNULL = YES;
				CLANG_CXX_LANGUAGE_STANDARD = "gnu++0x";
				CLANG_CXX_LIBRARY = "libc++";
				CLANG_ENABLE_MODULES = YES;
				CLANG_ENABLE_OBJC_ARC = YES;
				CLANG_WARN_BOOL_CONVERSION = YES;
				CLANG_WARN_CONSTANT_CONVERSION = YES;
				CLANG_WARN_DIRECT_OBJC_ISA_USAGE = YES_ERROR;
				CLANG_WARN_DOCUMENTATION_COMMENTS = YES;
				CLANG_WARN_EMPTY_BODY = YES;
				CLANG_WARN_ENUM_CONVERSION = YES;
				CLANG_WARN_INFINITE_RECURSION = YES;
				CLANG_WARN_INT_CONVERSION = YES;
				CLANG_WARN_OBJC_ROOT_CLASS = YES_ERROR;
				CLANG_WARN_SUSPICIOUS_MOVES = YES;
				CLANG_WARN_UNREACHABLE_CODE = YES;
				CLANG_WARN__DUPLICATE_METHOD_MATCH = YES;
				"CODE_SIGN_IDENTITY[sdk=iphoneos*]" = "iPhone Developer";
				COPY_PHASE_STRIP = NO;
				DEBUG_INFORMATION_FORMAT = dwarf;
				ENABLE_STRICT_OBJC_MSGSEND = YES;
				ENABLE_TESTABILITY = YES;
				GCC_C_LANGUAGE_STANDARD = gnu99;
				GCC_DYNAMIC_NO_PIC = NO;
				GCC_NO_COMMON_BLOCKS = YES;
				GCC_OPTIMIZATION_LEVEL = 0;
				GCC_PREPROCESSOR_DEFINITIONS = (
					"DEBUG=1",
					"$(inherited)",
				);
				GCC_WARN_64_TO_32_BIT_CONVERSION = YES;
				GCC_WARN_ABOUT_RETURN_TYPE = YES_ERROR;
				GCC_WARN_UNDECLARED_SELECTOR = YES;
				GCC_WARN_UNINITIALIZED_AUTOS = YES_AGGRESSIVE;
				GCC_WARN_UNUSED_FUNCTION = YES;
				GCC_WARN_UNUSED_VARIABLE = YES;
				IPHONEOS_DEPLOYMENT_TARGET = 10.1;
				MTL_ENABLE_DEBUG_INFO = YES;
				ONLY_ACTIVE_ARCH = YES;
				SDKROOT = iphoneos;
				SWIFT_ACTIVE_COMPILATION_CONDITIONS = DEBUG;
				SWIFT_OPTIMIZATION_LEVEL = "-Onone";
			};
			name = Debug;
		};
		DDE4421D1E61BB27008EA2A3 /* Release */ = {
			isa = XCBuildConfiguration;
			buildSettings = {
				ALWAYS_SEARCH_USER_PATHS = NO;
				CLANG_ANALYZER_NONNULL = YES;
				CLANG_CXX_LANGUAGE_STANDARD = "gnu++0x";
				CLANG_CXX_LIBRARY = "libc++";
				CLANG_ENABLE_MODULES = YES;
				CLANG_ENABLE_OBJC_ARC = YES;
				CLANG_WARN_BOOL_CONVERSION = YES;
				CLANG_WARN_CONSTANT_CONVERSION = YES;
				CLANG_WARN_DIRECT_OBJC_ISA_USAGE = YES_ERROR;
				CLANG_WARN_DOCUMENTATION_COMMENTS = YES;
				CLANG_WARN_EMPTY_BODY = YES;
				CLANG_WARN_ENUM_CONVERSION = YES;
				CLANG_WARN_INFINITE_RECURSION = YES;
				CLANG_WARN_INT_CONVERSION = YES;
				CLANG_WARN_OBJC_ROOT_CLASS = YES_ERROR;
				CLANG_WARN_SUSPICIOUS_MOVES = YES;
				CLANG_WARN_UNREACHABLE_CODE = YES;
				CLANG_WARN__DUPLICATE_METHOD_MATCH = YES;
				"CODE_SIGN_IDENTITY[sdk=iphoneos*]" = "iPhone Developer";
				COPY_PHASE_STRIP = NO;
				DEBUG_INFORMATION_FORMAT = "dwarf-with-dsym";
				ENABLE_NS_ASSERTIONS = NO;
				ENABLE_STRICT_OBJC_MSGSEND = YES;
				GCC_C_LANGUAGE_STANDARD = gnu99;
				GCC_NO_COMMON_BLOCKS = YES;
				GCC_WARN_64_TO_32_BIT_CONVERSION = YES;
				GCC_WARN_ABOUT_RETURN_TYPE = YES_ERROR;
				GCC_WARN_UNDECLARED_SELECTOR = YES;
				GCC_WARN_UNINITIALIZED_AUTOS = YES_AGGRESSIVE;
				GCC_WARN_UNUSED_FUNCTION = YES;
				GCC_WARN_UNUSED_VARIABLE = YES;
				IPHONEOS_DEPLOYMENT_TARGET = 10.1;
				MTL_ENABLE_DEBUG_INFO = NO;
				SDKROOT = iphoneos;
				SWIFT_OPTIMIZATION_LEVEL = "-Owholemodule";
				VALIDATE_PRODUCT = YES;
			};
			name = Release;
		};
		DDE4421F1E61BB27008EA2A3 /* Debug */ = {
			isa = XCBuildConfiguration;
			buildSettings = {
				ASSETCATALOG_COMPILER_APPICON_NAME = AppIcon;
				INFOPLIST_FILE = RockerLabs/Info.plist;
				LD_RUNPATH_SEARCH_PATHS = "$(inherited) @executable_path/Frameworks";
				PRODUCT_BUNDLE_IDENTIFIER = com.prueba.RockerLabs;
				PRODUCT_NAME = "$(TARGET_NAME)";
				SWIFT_VERSION = 3.0;
			};
			name = Debug;
		};
		DDE442201E61BB27008EA2A3 /* Release */ = {
			isa = XCBuildConfiguration;
			buildSettings = {
				ASSETCATALOG_COMPILER_APPICON_NAME = AppIcon;
				INFOPLIST_FILE = RockerLabs/Info.plist;
				LD_RUNPATH_SEARCH_PATHS = "$(inherited) @executable_path/Frameworks";
				PRODUCT_BUNDLE_IDENTIFIER = com.prueba.RockerLabs;
				PRODUCT_NAME = "$(TARGET_NAME)";
				SWIFT_VERSION = 3.0;
			};
			name = Release;
		};
/* End XCBuildConfiguration section */

/* Begin XCConfigurationList section */
		DDE442071E61BB27008EA2A3 /* Build configuration list for PBXProject "RockerLabs" */ = {
			isa = XCConfigurationList;
			buildConfigurations = (
				DDE4421C1E61BB27008EA2A3 /* Debug */,
				DDE4421D1E61BB27008EA2A3 /* Release */,
			);
			defaultConfigurationIsVisible = 0;
			defaultConfigurationName = Release;
		};
		DDE4421E1E61BB27008EA2A3 /* Build configuration list for PBXNativeTarget "RockerLabs" */ = {
			isa = XCConfigurationList;
			buildConfigurations = (
				DDE4421F1E61BB27008EA2A3 /* Debug */,
				DDE442201E61BB27008EA2A3 /* Release */,
			);
			defaultConfigurationIsVisible = 0;
		};
/* End XCConfigurationList section */
	};
	rootObject = DDE442041E61BB27008EA2A3 /* Project object */;
}
